
Microsoft Visual Studio Solution File, Format Version 12.00
# Visual Studio Version 16
VisualStudioVersion = 16.0.33801.447
MinimumVisualStudioVersion = 10.0.40219.1
Project("{FAE04EC0-301F-11D3-BF4B-00C04F79EFBC}") = "Stack", "Stack\Stack.csproj", "{2072F0AD-B4D0-4CDB-9DAF-E2788AD0D73A}"
EndProject
Global
	GlobalSection(SolutionConfigurationPlatforms) = preSolution
		Debug|Any CPU = Debug|Any CPU
		Release|Any CPU = Release|Any CPU
	EndGlobalSection
	GlobalSection(ProjectConfigurationPlatforms) = postSolution
		{2072F0AD-B4D0-4CDB-9DAF-E2788AD0D73A}.Debug|Any CPU.ActiveCfg = Debug|Any CPU
		{2072F0AD-B4D0-4CDB-9DAF-E2788AD0D73A}.Debug|Any CPU.Build.0 = Debug|Any CPU
		{2072F0AD-B4D0-4CDB-9DAF-E2788AD0D73A}.Release|Any CPU.ActiveCfg = Release|Any CPU
		{2072F0AD-B4D0-4CDB-9DAF-E2788AD0D73A}.Release|Any CPU.Build.0 = Release|Any CPU
	EndGlobalSection
	GlobalSection(SolutionProperties) = preSolution
		HideSolutionNode = FALSE
	EndGlobalSection
	GlobalSection(ExtensibilityGlobals) = postSolution
		SolutionGuid = {C6519466-A69F-4D02-A827-32181B66E9E3}
	EndGlobalSection
EndGlobal
